{
  "object": {
    "pins": [
      {
        "package": "BinaryKit",
        "repositoryURL": "https://github.com/Cosmo/BinaryKit",
        "state": {
          "branch": "master",
          "revision": "10c28e482b9ff95ef556662ae4507d0f4d4e0077",
          "version": null
        }
      }
    ]
  },
  "version": 1
}
